
Microsoft Visual Studio Solution File, Format Version 12.00
# Visual Studio 15
VisualStudioVersion = 15.0.26718.0
MinimumVisualStudioVersion = 10.0.40219.1
Project("{FAE04EC0-301F-11D3-BF4B-00C04F79EFBC}") = "FullPdbSourceLink", "FullPdbSourceLink.csproj", "{654ABD01-B4F8-4DF0-8A6F-73D0838142AB}"
EndProject
Project("{2150E333-8FDC-42A3-9474-1A3956D46DE8}") = "Solution Items", "Solution Items", "{F7FDEFD0-30C2-4D4E-BB7A-98038702ABC2}"
	ProjectSection(SolutionItems) = preProject
		Directory.Build.props = Directory.Build.props
	EndProjectSection
EndProject
Global
	GlobalSection(SolutionConfigurationPlatforms) = preSolution
		Debug|Any CPU = Debug|Any CPU
		Release|Any CPU = Release|Any CPU
	EndGlobalSection
	GlobalSection(ProjectConfigurationPlatforms) = postSolution
		{654ABD01-B4F8-4DF0-8A6F-73D0838142AB}.Debug|Any CPU.ActiveCfg = Debug|Any CPU
		{654ABD01-B4F8-4DF0-8A6F-73D0838142AB}.Debug|Any CPU.Build.0 = Debug|Any CPU
		{654ABD01-B4F8-4DF0-8A6F-73D0838142AB}.Release|Any CPU.ActiveCfg = Release|Any CPU
		{654ABD01-B4F8-4DF0-8A6F-73D0838142AB}.Release|Any CPU.Build.0 = Release|Any CPU
	EndGlobalSection
	GlobalSection(SolutionProperties) = preSolution
		HideSolutionNode = FALSE
	EndGlobalSection
	GlobalSection(ExtensibilityGlobals) = postSolution
		SolutionGuid = {CD30E173-FDF4-4B55-BACC-56D9C1E06B9A}
	EndGlobalSection
EndGlobal
